// !$*UTF8*$!
{
	archiveVersion = 1;
	classes = {
	};
	objectVersion = 46;
	objects = {

/* Begin PBXBuildFile section */
		2FA3B31ECAEBFC1618E6121D /* Pods_JPLiveDemo.framework in Frameworks */ = {isa = PBXBuildFile; fileRef = 3993BAA8199B70F4D0345760 /* Pods_JPLiveDemo.framework */; };
		4ADAB6451DDD79A3008B3CB1 /* AppDelegate.swift in Sources */ = {isa = PBXBuildFile; fileRef = 4ADAB6441DDD79A3008B3CB1 /* AppDelegate.swift */; };
		4ADAB64A1DDD79A3008B3CB1 /* Main.storyboard in Resources */ = {isa = PBXBuildFile; fileRef = 4ADAB6481DDD79A3008B3CB1 /* Main.storyboard */; };
		4ADAB64C1DDD79A3008B3CB1 /* Assets.xcassets in Resources */ = {isa = PBXBuildFile; fileRef = 4ADAB64B1DDD79A3008B3CB1 /* Assets.xcassets */; };
		4ADAB64F1DDD79A3008B3CB1 /* LaunchScreen.storyboard in Resources */ = {isa = PBXBuildFile; fileRef = 4ADAB64D1DDD79A3008B3CB1 /* LaunchScreen.storyboard */; };
		725C885C20089269006F5050 /* FollowViewController.swift in Sources */ = {isa = PBXBuildFile; fileRef = 725C881620089269006F5050 /* FollowViewController.swift */; };
		725C885D20089269006F5050 /* AmuseViewController.swift in Sources */ = {isa = PBXBuildFile; fileRef = 725C881920089269006F5050 /* AmuseViewController.swift */; };
		725C885E20089269006F5050 /* FunnyViewController.swift in Sources */ = {isa = PBXBuildFile; fileRef = 725C881A20089269006F5050 /* FunnyViewController.swift */; };
		725C885F20089269006F5050 /* GameViewController.swift in Sources */ = {isa = PBXBuildFile; fileRef = 725C881B20089269006F5050 /* GameViewController.swift */; };
		725C886020089269006F5050 /* HomeViewController.swift in Sources */ = {isa = PBXBuildFile; fileRef = 725C881C20089269006F5050 /* HomeViewController.swift */; };
		725C886120089269006F5050 /* RecommendViewController.swift in Sources */ = {isa = PBXBuildFile; fileRef = 725C881D20089269006F5050 /* RecommendViewController.swift */; };
		725C886220089269006F5050 /* GameModel.swift in Sources */ = {isa = PBXBuildFile; fileRef = 725C881F20089269006F5050 /* GameModel.swift */; };
		725C886320089269006F5050 /* AmuseViewModel.swift in Sources */ = {isa = PBXBuildFile; fileRef = 725C882120089269006F5050 /* AmuseViewModel.swift */; };
		725C886420089269006F5050 /* FunncyViewModel.swift in Sources */ = {isa = PBXBuildFile; fileRef = 725C882220089269006F5050 /* FunncyViewModel.swift */; };
		725C886520089269006F5050 /* GameViewModel.swift in Sources */ = {isa = PBXBuildFile; fileRef = 725C882320089269006F5050 /* GameViewModel.swift */; };
		725C886620089269006F5050 /* RecommendViewModel.swift in Sources */ = {isa = PBXBuildFile; fileRef = 725C882420089269006F5050 /* RecommendViewModel.swift */; };
		725C886720089269006F5050 /* AmuseMenView.swift in Sources */ = {isa = PBXBuildFile; fileRef = 725C882720089269006F5050 /* AmuseMenView.swift */; };
		725C886820089269006F5050 /* AmuseMenView.xib in Resources */ = {isa = PBXBuildFile; fileRef = 725C882820089269006F5050 /* AmuseMenView.xib */; };
		725C886920089269006F5050 /* CollectionCycleCell.swift in Sources */ = {isa = PBXBuildFile; fileRef = 725C882A20089269006F5050 /* CollectionCycleCell.swift */; };
		725C886A20089269006F5050 /* CollectionCycleCell.xib in Resources */ = {isa = PBXBuildFile; fileRef = 725C882B20089269006F5050 /* CollectionCycleCell.xib */; };
		725C886B20089269006F5050 /* CollectionGameCell.swift in Sources */ = {isa = PBXBuildFile; fileRef = 725C882C20089269006F5050 /* CollectionGameCell.swift */; };
		725C886C20089269006F5050 /* CollectionGameCell.xib in Resources */ = {isa = PBXBuildFile; fileRef = 725C882D20089269006F5050 /* CollectionGameCell.xib */; };
		725C886D20089269006F5050 /* CycleModel.swift in Sources */ = {isa = PBXBuildFile; fileRef = 725C882E20089269006F5050 /* CycleModel.swift */; };
		725C886E20089269006F5050 /* RecommendCycleView.swift in Sources */ = {isa = PBXBuildFile; fileRef = 725C882F20089269006F5050 /* RecommendCycleView.swift */; };
		725C886F20089269006F5050 /* RecommendCycleView.xib in Resources */ = {isa = PBXBuildFile; fileRef = 725C883020089269006F5050 /* RecommendCycleView.xib */; };
		725C887020089269006F5050 /* RecommendGameView.swift in Sources */ = {isa = PBXBuildFile; fileRef = 725C883120089269006F5050 /* RecommendGameView.swift */; };
		725C887120089269006F5050 /* CollectionGameCell.swift in Sources */ = {isa = PBXBuildFile; fileRef = 725C883320089269006F5050 /* CollectionGameCell.swift */; };
		725C887220089269006F5050 /* CollectionGameCell.xib in Resources */ = {isa = PBXBuildFile; fileRef = 725C883420089269006F5050 /* CollectionGameCell.xib */; };
		725C887320089269006F5050 /* RecommendGameView.swift in Sources */ = {isa = PBXBuildFile; fileRef = 725C883520089269006F5050 /* RecommendGameView.swift */; };
		725C887420089269006F5050 /* LiveViewController.swift in Sources */ = {isa = PBXBuildFile; fileRef = 725C883820089269006F5050 /* LiveViewController.swift */; };
		725C887520089269006F5050 /* BaseAnchorViewController.swift in Sources */ = {isa = PBXBuildFile; fileRef = 725C883B20089269006F5050 /* BaseAnchorViewController.swift */; };
		725C887620089269006F5050 /* BaseViewController.swift in Sources */ = {isa = PBXBuildFile; fileRef = 725C883C20089269006F5050 /* BaseViewController.swift */; };
		725C887720089269006F5050 /* CustomNavigationController.swift in Sources */ = {isa = PBXBuildFile; fileRef = 725C883D20089269006F5050 /* CustomNavigationController.swift */; };
		725C887820089269006F5050 /* MainViewController.swift in Sources */ = {isa = PBXBuildFile; fileRef = 725C883E20089269006F5050 /* MainViewController.swift */; };
		725C887920089269006F5050 /* AnchorGroupModel.swift in Sources */ = {isa = PBXBuildFile; fileRef = 725C884020089269006F5050 /* AnchorGroupModel.swift */; };
		725C887A20089269006F5050 /* AnchorModel.swift in Sources */ = {isa = PBXBuildFile; fileRef = 725C884120089269006F5050 /* AnchorModel.swift */; };
		725C887B20089269006F5050 /* BaseGameModel.swift in Sources */ = {isa = PBXBuildFile; fileRef = 725C884220089269006F5050 /* BaseGameModel.swift */; };
		725C887C20089269006F5050 /* BaseViewModel.swift in Sources */ = {isa = PBXBuildFile; fileRef = 725C884420089269006F5050 /* BaseViewModel.swift */; };
		725C887D20089269006F5050 /* CollectionBaseCell.swift in Sources */ = {isa = PBXBuildFile; fileRef = 725C884620089269006F5050 /* CollectionBaseCell.swift */; };
		725C887E20089269006F5050 /* CollectionHeaderView.swift in Sources */ = {isa = PBXBuildFile; fileRef = 725C884720089269006F5050 /* CollectionHeaderView.swift */; };
		725C887F20089269006F5050 /* CollectionHeaderView.xib in Resources */ = {isa = PBXBuildFile; fileRef = 725C884820089269006F5050 /* CollectionHeaderView.xib */; };
		725C888020089269006F5050 /* CollectionNormalCell.swift in Sources */ = {isa = PBXBuildFile; fileRef = 725C884920089269006F5050 /* CollectionNormalCell.swift */; };
		725C888120089269006F5050 /* CollectionNormalCell.xib in Resources */ = {isa = PBXBuildFile; fileRef = 725C884A20089269006F5050 /* CollectionNormalCell.xib */; };
		725C888220089269006F5050 /* CollectionPrettyCell.swift in Sources */ = {isa = PBXBuildFile; fileRef = 725C884B20089269006F5050 /* CollectionPrettyCell.swift */; };
		725C888320089269006F5050 /* CollectionPrettyCell.xib in Resources */ = {isa = PBXBuildFile; fileRef = 725C884C20089269006F5050 /* CollectionPrettyCell.xib */; };
		725C888420089269006F5050 /* PageContentView.swift in Sources */ = {isa = PBXBuildFile; fileRef = 725C884D20089269006F5050 /* PageContentView.swift */; };
		725C888520089269006F5050 /* PageTitleView.swift in Sources */ = {isa = PBXBuildFile; fileRef = 725C884E20089269006F5050 /* PageTitleView.swift */; };
		725C888620089269006F5050 /* ProfileViewController.swift in Sources */ = {isa = PBXBuildFile; fileRef = 725C885020089269006F5050 /* ProfileViewController.swift */; };
		725C888720089269006F5050 /* RoomNormalViewController.swift in Sources */ = {isa = PBXBuildFile; fileRef = 725C885320089269006F5050 /* RoomNormalViewController.swift */; };
		725C888820089269006F5050 /* RoomShowViewController.swift in Sources */ = {isa = PBXBuildFile; fileRef = 725C885420089269006F5050 /* RoomShowViewController.swift */; };
		725C888920089269006F5050 /* Common.swift in Sources */ = {isa = PBXBuildFile; fileRef = 725C885720089269006F5050 /* Common.swift */; };
		725C888A20089269006F5050 /* HTTPResquestTool.swift in Sources */ = {isa = PBXBuildFile; fileRef = 725C885820089269006F5050 /* HTTPResquestTool.swift */; };
		725C888B20089269006F5050 /* NSData-Extension.swift in Sources */ = {isa = PBXBuildFile; fileRef = 725C885920089269006F5050 /* NSData-Extension.swift */; };
		725C888C20089269006F5050 /* UIBarButtonitem.swift in Sources */ = {isa = PBXBuildFile; fileRef = 725C885A20089269006F5050 /* UIBarButtonitem.swift */; };
		725C888D20089269006F5050 /* UIColor-Extension.swift in Sources */ = {isa = PBXBuildFile; fileRef = 725C885B20089269006F5050 /* UIColor-Extension.swift */; };
/* End PBXBuildFile section */

/* Begin PBXFileReference section */
		173058156F66E4A381F35FF1 /* Pods-JPLiveDemo.release.xcconfig */ = {isa = PBXFileReference; includeInIndex = 1; lastKnownFileType = text.xcconfig; name = "Pods-JPLiveDemo.release.xcconfig"; path = "Pods/Target Support Files/Pods-JPLiveDemo/Pods-JPLiveDemo.release.xcconfig"; sourceTree = "<group>"; };
		3993BAA8199B70F4D0345760 /* Pods_JPLiveDemo.framework */ = {isa = PBXFileReference; explicitFileType = wrapper.framework; includeInIndex = 0; path = Pods_JPLiveDemo.framework; sourceTree = BUILT_PRODUCTS_DIR; };
		4ADAB6411DDD79A3008B3CB1 /* JPLiveDemo.app */ = {isa = PBXFileReference; explicitFileType = wrapper.application; includeInIndex = 0; path = JPLiveDemo.app; sourceTree = BUILT_PRODUCTS_DIR; };
		4ADAB6441DDD79A3008B3CB1 /* AppDelegate.swift */ = {isa = PBXFileReference; lastKnownFileType = sourcecode.swift; path = AppDelegate.swift; sourceTree = "<group>"; };
		4ADAB6491DDD79A3008B3CB1 /* Base */ = {isa = PBXFileReference; lastKnownFileType = file.storyboard; name = Base; path = Base.lproj/Main.storyboard; sourceTree = "<group>"; };
		4ADAB64B1DDD79A3008B3CB1 /* Assets.xcassets */ = {isa = PBXFileReference; lastKnownFileType = folder.assetcatalog; path = Assets.xcassets; sourceTree = "<group>"; };
		4ADAB64E1DDD79A3008B3CB1 /* Base */ = {isa = PBXFileReference; lastKnownFileType = file.storyboard; name = Base; path = Base.lproj/LaunchScreen.storyboard; sourceTree = "<group>"; };
		4ADAB6501DDD79A3008B3CB1 /* Info.plist */ = {isa = PBXFileReference; lastKnownFileType = text.plist.xml; path = Info.plist; sourceTree = "<group>"; };
		725C881620089269006F5050 /* FollowViewController.swift */ = {isa = PBXFileReference; fileEncoding = 4; lastKnownFileType = sourcecode.swift; path = FollowViewController.swift; sourceTree = "<group>"; };
		725C881920089269006F5050 /* AmuseViewController.swift */ = {isa = PBXFileReference; fileEncoding = 4; lastKnownFileType = sourcecode.swift; path = AmuseViewController.swift; sourceTree = "<group>"; };
		725C881A20089269006F5050 /* FunnyViewController.swift */ = {isa = PBXFileReference; fileEncoding = 4; lastKnownFileType = sourcecode.swift; path = FunnyViewController.swift; sourceTree = "<group>"; };
		725C881B20089269006F5050 /* GameViewController.swift */ = {isa = PBXFileReference; fileEncoding = 4; lastKnownFileType = sourcecode.swift; path = GameViewController.swift; sourceTree = "<group>"; };
		725C881C20089269006F5050 /* HomeViewController.swift */ = {isa = PBXFileReference; fileEncoding = 4; lastKnownFileType = sourcecode.swift; path = HomeViewController.swift; sourceTree = "<group>"; };
		725C881D20089269006F5050 /* RecommendViewController.swift */ = {isa = PBXFileReference; fileEncoding = 4; lastKnownFileType = sourcecode.swift; path = RecommendViewController.swift; sourceTree = "<group>"; };
		725C881F20089269006F5050 /* GameModel.swift */ = {isa = PBXFileReference; fileEncoding = 4; lastKnownFileType = sourcecode.swift; path = GameModel.swift; sourceTree = "<group>"; };
		725C882120089269006F5050 /* AmuseViewModel.swift */ = {isa = PBXFileReference; fileEncoding = 4; lastKnownFileType = sourcecode.swift; path = AmuseViewModel.swift; sourceTree = "<group>"; };
		725C882220089269006F5050 /* FunncyViewModel.swift */ = {isa = PBXFileReference; fileEncoding = 4; lastKnownFileType = sourcecode.swift; path = FunncyViewModel.swift; sourceTree = "<group>"; };
		725C882320089269006F5050 /* GameViewModel.swift */ = {isa = PBXFileReference; fileEncoding = 4; lastKnownFileType = sourcecode.swift; path = GameViewModel.swift; sourceTree = "<group>"; };
		725C882420089269006F5050 /* RecommendViewModel.swift */ = {isa = PBXFileReference; fileEncoding = 4; lastKnownFileType = sourcecode.swift; path = RecommendViewModel.swift; sourceTree = "<group>"; };
		725C882720089269006F5050 /* AmuseMenView.swift */ = {isa = PBXFileReference; fileEncoding = 4; lastKnownFileType = sourcecode.swift; path = AmuseMenView.swift; sourceTree = "<group>"; };
		725C882820089269006F5050 /* AmuseMenView.xib */ = {isa = PBXFileReference; fileEncoding = 4; lastKnownFileType = file.xib; path = AmuseMenView.xib; sourceTree = "<group>"; };
		725C882A20089269006F5050 /* CollectionCycleCell.swift */ = {isa = PBXFileReference; fileEncoding = 4; lastKnownFileType = sourcecode.swift; path = CollectionCycleCell.swift; sourceTree = "<group>"; };
		725C882B20089269006F5050 /* CollectionCycleCell.xib */ = {isa = PBXFileReference; fileEncoding = 4; lastKnownFileType = file.xib; path = CollectionCycleCell.xib; sourceTree = "<group>"; };
		725C882C20089269006F5050 /* CollectionGameCell.swift */ = {isa = PBXFileReference; fileEncoding = 4; lastKnownFileType = sourcecode.swift; path = CollectionGameCell.swift; sourceTree = "<group>"; };
		725C882D20089269006F5050 /* CollectionGameCell.xib */ = {isa = PBXFileReference; fileEncoding = 4; lastKnownFileType = file.xib; path = CollectionGameCell.xib; sourceTree = "<group>"; };
		725C882E20089269006F5050 /* CycleModel.swift */ = {isa = PBXFileReference; fileEncoding = 4; lastKnownFileType = sourcecode.swift; path = CycleModel.swift; sourceTree = "<group>"; };
		725C882F20089269006F5050 /* RecommendCycleView.swift */ = {isa = PBXFileReference; fileEncoding = 4; lastKnownFileType = sourcecode.swift; path = RecommendCycleView.swift; sourceTree = "<group>"; };
		725C883020089269006F5050 /* RecommendCycleView.xib */ = {isa = PBXFileReference; fileEncoding = 4; lastKnownFileType = file.xib; path = RecommendCycleView.xib; sourceTree = "<group>"; };
		725C883120089269006F5050 /* RecommendGameView.swift */ = {isa = PBXFileReference; fileEncoding = 4; lastKnownFileType = sourcecode.swift; path = RecommendGameView.swift; sourceTree = "<group>"; };
		725C883320089269006F5050 /* CollectionGameCell.swift */ = {isa = PBXFileReference; fileEncoding = 4; lastKnownFileType = sourcecode.swift; path = CollectionGameCell.swift; sourceTree = "<group>"; };
		725C883420089269006F5050 /* CollectionGameCell.xib */ = {isa = PBXFileReference; fileEncoding = 4; lastKnownFileType = file.xib; path = CollectionGameCell.xib; sourceTree = "<group>"; };
		725C883520089269006F5050 /* RecommendGameView.swift */ = {isa = PBXFileReference; fileEncoding = 4; lastKnownFileType = sourcecode.swift; path = RecommendGameView.swift; sourceTree = "<group>"; };
		725C883820089269006F5050 /* LiveViewController.swift */ = {isa = PBXFileReference; fileEncoding = 4; lastKnownFileType = sourcecode.swift; path = LiveViewController.swift; sourceTree = "<group>"; };
		725C883B20089269006F5050 /* BaseAnchorViewController.swift */ = {isa = PBXFileReference; fileEncoding = 4; lastKnownFileType = sourcecode.swift; path = BaseAnchorViewController.swift; sourceTree = "<group>"; };
		725C883C20089269006F5050 /* BaseViewController.swift */ = {isa = PBXFileReference; fileEncoding = 4; lastKnownFileType = sourcecode.swift; path = BaseViewController.swift; sourceTree = "<group>"; };
		725C883D20089269006F5050 /* CustomNavigationController.swift */ = {isa = PBXFileReference; fileEncoding = 4; lastKnownFileType = sourcecode.swift; path = CustomNavigationController.swift; sourceTree = "<group>"; };
		725C883E20089269006F5050 /* MainViewController.swift */ = {isa = PBXFileReference; fileEncoding = 4; lastKnownFileType = sourcecode.swift; path = MainViewController.swift; sourceTree = "<group>"; };
		725C884020089269006F5050 /* AnchorGroupModel.swift */ = {isa = PBXFileReference; fileEncoding = 4; lastKnownFileType = sourcecode.swift; path = AnchorGroupModel.swift; sourceTree = "<group>"; };
		725C884120089269006F5050 /* AnchorModel.swift */ = {isa = PBXFileReference; fileEncoding = 4; lastKnownFileType = sourcecode.swift; path = AnchorModel.swift; sourceTree = "<group>"; };
		725C884220089269006F5050 /* BaseGameModel.swift */ = {isa = PBXFileReference; fileEncoding = 4; lastKnownFileType = sourcecode.swift; path = BaseGameModel.swift; sourceTree = "<group>"; };
		725C884420089269006F5050 /* BaseViewModel.swift */ = {isa = PBXFileReference; fileEncoding = 4; lastKnownFileType = sourcecode.swift; path = BaseViewModel.swift; sourceTree = "<group>"; };
		725C884620089269006F5050 /* CollectionBaseCell.swift */ = {isa = PBXFileReference; fileEncoding = 4; lastKnownFileType = sourcecode.swift; path = CollectionBaseCell.swift; sourceTree = "<group>"; };
		725C884720089269006F5050 /* CollectionHeaderView.swift */ = {isa = PBXFileReference; fileEncoding = 4; lastKnownFileType = sourcecode.swift; path = CollectionHeaderView.swift; sourceTree = "<group>"; };
		725C884820089269006F5050 /* CollectionHeaderView.xib */ = {isa = PBXFileReference; fileEncoding = 4; lastKnownFileType = file.xib; path = CollectionHeaderView.xib; sourceTree = "<group>"; };
		725C884920089269006F5050 /* CollectionNormalCell.swift */ = {isa = PBXFileReference; fileEncoding = 4; lastKnownFileType = sourcecode.swift; path = CollectionNormalCell.swift; sourceTree = "<group>"; };
		725C884A20089269006F5050 /* CollectionNormalCell.xib */ = {isa = PBXFileReference; fileEncoding = 4; lastKnownFileType = file.xib; path = CollectionNormalCell.xib; sourceTree = "<group>"; };
		725C884B20089269006F5050 /* CollectionPrettyCell.swift */ = {isa = PBXFileReference; fileEncoding = 4; lastKnownFileType = sourcecode.swift; path = CollectionPrettyCell.swift; sourceTree = "<group>"; };
		725C884C20089269006F5050 /* CollectionPrettyCell.xib */ = {isa = PBXFileReference; fileEncoding = 4; lastKnownFileType = file.xib; path = CollectionPrettyCell.xib; sourceTree = "<group>"; };
		725C884D20089269006F5050 /* PageContentView.swift */ = {isa = PBXFileReference; fileEncoding = 4; lastKnownFileType = sourcecode.swift; path = PageContentView.swift; sourceTree = "<group>"; };
		725C884E20089269006F5050 /* PageTitleView.swift */ = {isa = PBXFileReference; fileEncoding = 4; lastKnownFileType = sourcecode.swift; path = PageTitleView.swift; sourceTree = "<group>"; };
		725C885020089269006F5050 /* ProfileViewController.swift */ = {isa = PBXFileReference; fileEncoding = 4; lastKnownFileType = sourcecode.swift; path = ProfileViewController.swift; sourceTree = "<group>"; };
		725C885320089269006F5050 /* RoomNormalViewController.swift */ = {isa = PBXFileReference; fileEncoding = 4; lastKnownFileType = sourcecode.swift; path = RoomNormalViewController.swift; sourceTree = "<group>"; };
		725C885420089269006F5050 /* RoomShowViewController.swift */ = {isa = PBXFileReference; fileEncoding = 4; lastKnownFileType = sourcecode.swift; path = RoomShowViewController.swift; sourceTree = "<group>"; };
		725C885720089269006F5050 /* Common.swift */ = {isa = PBXFileReference; fileEncoding = 4; lastKnownFileType = sourcecode.swift; path = Common.swift; sourceTree = "<group>"; };
		725C885820089269006F5050 /* HTTPResquestTool.swift */ = {isa = PBXFileReference; fileEncoding = 4; lastKnownFileType = sourcecode.swift; path = HTTPResquestTool.swift; sourceTree = "<group>"; };
		725C885920089269006F5050 /* NSData-Extension.swift */ = {isa = PBXFileReference; fileEncoding = 4; lastKnownFileType = sourcecode.swift; path = "NSData-Extension.swift"; sourceTree = "<group>"; };
		725C885A20089269006F5050 /* UIBarButtonitem.swift */ = {isa = PBXFileReference; fileEncoding = 4; lastKnownFileType = sourcecode.swift; path = UIBarButtonitem.swift; sourceTree = "<group>"; };
		725C885B20089269006F5050 /* UIColor-Extension.swift */ = {isa = PBXFileReference; fileEncoding = 4; lastKnownFileType = sourcecode.swift; path = "UIColor-Extension.swift"; sourceTree = "<group>"; };
		C1776C705D9A82F7808ED605 /* Pods-JPLiveDemo.debug.xcconfig */ = {isa = PBXFileReference; includeInIndex = 1; lastKnownFileType = text.xcconfig; name = "Pods-JPLiveDemo.debug.xcconfig"; path = "Pods/Target Support Files/Pods-JPLiveDemo/Pods-JPLiveDemo.debug.xcconfig"; sourceTree = "<group>"; };
/* End PBXFileReference section */

/* Begin PBXFrameworksBuildPhase section */
		4ADAB63E1DDD79A3008B3CB1 /* Frameworks */ = {
			isa = PBXFrameworksBuildPhase;
			buildActionMask = 2147483647;
			files = (
				2FA3B31ECAEBFC1618E6121D /* Pods_JPLiveDemo.framework in Frameworks */,
			);
			runOnlyForDeploymentPostprocessing = 0;
		};
/* End PBXFrameworksBuildPhase section */

/* Begin PBXGroup section */
		4ADAB6381DDD79A3008B3CB1 = {
			isa = PBXGroup;
			children = (
				4ADAB6431DDD79A3008B3CB1 /* JPLiveDemo */,
				4ADAB6421DDD79A3008B3CB1 /* Products */,
				669CE034E19110624F87AC60 /* Pods */,
				9121853F34BB425D1B851D50 /* Frameworks */,
			);
			sourceTree = "<group>";
		};
		4ADAB6421DDD79A3008B3CB1 /* Products */ = {
			isa = PBXGroup;
			children = (
				4ADAB6411DDD79A3008B3CB1 /* JPLiveDemo.app */,
			);
			name = Products;
			sourceTree = "<group>";
		};
		4ADAB6431DDD79A3008B3CB1 /* JPLiveDemo */ = {
			isa = PBXGroup;
			children = (
				725C881320089269006F5050 /* JPLive */,
				4ADAB6441DDD79A3008B3CB1 /* AppDelegate.swift */,
				4ADAB6481DDD79A3008B3CB1 /* Main.storyboard */,
				4ADAB64B1DDD79A3008B3CB1 /* Assets.xcassets */,
				4ADAB64D1DDD79A3008B3CB1 /* LaunchScreen.storyboard */,
				4ADAB6501DDD79A3008B3CB1 /* Info.plist */,
			);
			path = JPLiveDemo;
			sourceTree = "<group>";
		};
		669CE034E19110624F87AC60 /* Pods */ = {
			isa = PBXGroup;
			children = (
				C1776C705D9A82F7808ED605 /* Pods-JPLiveDemo.debug.xcconfig */,
				173058156F66E4A381F35FF1 /* Pods-JPLiveDemo.release.xcconfig */,
			);
			name = Pods;
			sourceTree = "<group>";
		};
		725C881320089269006F5050 /* JPLive */ = {
			isa = PBXGroup;
			children = (
				725C881420089269006F5050 /* Follow */,
				725C881720089269006F5050 /* Home */,
				725C883620089269006F5050 /* Live */,
				725C883920089269006F5050 /* Main */,
				725C884F20089269006F5050 /* Profile */,
				725C885120089269006F5050 /* Room */,
				725C885520089269006F5050 /* Tools */,
			);
			name = JPLive;
			path = ../../JPLive;
			sourceTree = "<group>";
		};
		725C881420089269006F5050 /* Follow */ = {
			isa = PBXGroup;
			children = (
				725C881520089269006F5050 /* Controllers */,
			);
			path = Follow;
			sourceTree = "<group>";
		};
		725C881520089269006F5050 /* Controllers */ = {
			isa = PBXGroup;
			children = (
				725C881620089269006F5050 /* FollowViewController.swift */,
			);
			path = Controllers;
			sourceTree = "<group>";
		};
		725C881720089269006F5050 /* Home */ = {
			isa = PBXGroup;
			children = (
				725C881820089269006F5050 /* Controllers */,
				725C881E20089269006F5050 /* Models */,
				725C882020089269006F5050 /* ViewModels */,
				725C882520089269006F5050 /* Views */,
			);
			path = Home;
			sourceTree = "<group>";
		};
		725C881820089269006F5050 /* Controllers */ = {
			isa = PBXGroup;
			children = (
				725C881920089269006F5050 /* AmuseViewController.swift */,
				725C881A20089269006F5050 /* FunnyViewController.swift */,
				725C881B20089269006F5050 /* GameViewController.swift */,
				725C881C20089269006F5050 /* HomeViewController.swift */,
				725C881D20089269006F5050 /* RecommendViewController.swift */,
			);
			path = Controllers;
			sourceTree = "<group>";
		};
		725C881E20089269006F5050 /* Models */ = {
			isa = PBXGroup;
			children = (
				725C881F20089269006F5050 /* GameModel.swift */,
			);
			path = Models;
			sourceTree = "<group>";
		};
		725C882020089269006F5050 /* ViewModels */ = {
			isa = PBXGroup;
			children = (
				725C882120089269006F5050 /* AmuseViewModel.swift */,
				725C882220089269006F5050 /* FunncyViewModel.swift */,
				725C882320089269006F5050 /* GameViewModel.swift */,
				725C882420089269006F5050 /* RecommendViewModel.swift */,
			);
			path = ViewModels;
			sourceTree = "<group>";
		};
		725C882520089269006F5050 /* Views */ = {
			isa = PBXGroup;
			children = (
				725C882620089269006F5050 /* AmuseMenuView */,
				725C882920089269006F5050 /* RecommendCycleView */,
				725C883220089269006F5050 /* RecommendGameView */,
			);
			path = Views;
			sourceTree = "<group>";
		};
		725C882620089269006F5050 /* AmuseMenuView */ = {
			isa = PBXGroup;
			children = (
				725C882720089269006F5050 /* AmuseMenView.swift */,
				725C882820089269006F5050 /* AmuseMenView.xib */,
			);
			path = AmuseMenuView;
			sourceTree = "<group>";
		};
		725C882920089269006F5050 /* RecommendCycleView */ = {
			isa = PBXGroup;
			children = (
				725C882A20089269006F5050 /* CollectionCycleCell.swift */,
				725C882B20089269006F5050 /* CollectionCycleCell.xib */,
				725C882C20089269006F5050 /* CollectionGameCell.swift */,
				725C882D20089269006F5050 /* CollectionGameCell.xib */,
				725C882E20089269006F5050 /* CycleModel.swift */,
				725C882F20089269006F5050 /* RecommendCycleView.swift */,
				725C883020089269006F5050 /* RecommendCycleView.xib */,
				725C883120089269006F5050 /* RecommendGameView.swift */,
			);
			path = RecommendCycleView;
			sourceTree = "<group>";
		};
		725C883220089269006F5050 /* RecommendGameView */ = {
			isa = PBXGroup;
			children = (
				725C883320089269006F5050 /* CollectionGameCell.swift */,
				725C883420089269006F5050 /* CollectionGameCell.xib */,
				725C883520089269006F5050 /* RecommendGameView.swift */,
			);
			path = RecommendGameView;
			sourceTree = "<group>";
		};
		725C883620089269006F5050 /* Live */ = {
			isa = PBXGroup;
			children = (
				725C883720089269006F5050 /* Controllers */,
			);
			path = Live;
			sourceTree = "<group>";
		};
		725C883720089269006F5050 /* Controllers */ = {
			isa = PBXGroup;
			children = (
				725C883820089269006F5050 /* LiveViewController.swift */,
			);
			path = Controllers;
			sourceTree = "<group>";
		};
		725C883920089269006F5050 /* Main */ = {
			isa = PBXGroup;
			children = (
				725C883A20089269006F5050 /* Controllers */,
				725C883F20089269006F5050 /* Models */,
				725C884320089269006F5050 /* ViewModels */,
				725C884520089269006F5050 /* Views */,
			);
			path = Main;
			sourceTree = "<group>";
		};
		725C883A20089269006F5050 /* Controllers */ = {
			isa = PBXGroup;
			children = (
				725C883B20089269006F5050 /* BaseAnchorViewController.swift */,
				725C883C20089269006F5050 /* BaseViewController.swift */,
				725C883D20089269006F5050 /* CustomNavigationController.swift */,
				725C883E20089269006F5050 /* MainViewController.swift */,
			);
			path = Controllers;
			sourceTree = "<group>";
		};
		725C883F20089269006F5050 /* Models */ = {
			isa = PBXGroup;
			children = (
				725C884020089269006F5050 /* AnchorGroupModel.swift */,
				725C884120089269006F5050 /* AnchorModel.swift */,
				725C884220089269006F5050 /* BaseGameModel.swift */,
			);
			path = Models;
			sourceTree = "<group>";
		};
		725C884320089269006F5050 /* ViewModels */ = {
			isa = PBXGroup;
			children = (
				725C884420089269006F5050 /* BaseViewModel.swift */,
			);
			path = ViewModels;
			sourceTree = "<group>";
		};
		725C884520089269006F5050 /* Views */ = {
			isa = PBXGroup;
			children = (
				725C884620089269006F5050 /* CollectionBaseCell.swift */,
				725C884720089269006F5050 /* CollectionHeaderView.swift */,
				725C884820089269006F5050 /* CollectionHeaderView.xib */,
				725C884920089269006F5050 /* CollectionNormalCell.swift */,
				725C884A20089269006F5050 /* CollectionNormalCell.xib */,
				725C884B20089269006F5050 /* CollectionPrettyCell.swift */,
				725C884C20089269006F5050 /* CollectionPrettyCell.xib */,
				725C884D20089269006F5050 /* PageContentView.swift */,
				725C884E20089269006F5050 /* PageTitleView.swift */,
			);
			path = Views;
			sourceTree = "<group>";
		};
		725C884F20089269006F5050 /* Profile */ = {
			isa = PBXGroup;
			children = (
				725C885020089269006F5050 /* ProfileViewController.swift */,
			);
			path = Profile;
			sourceTree = "<group>";
		};
		725C885120089269006F5050 /* Room */ = {
			isa = PBXGroup;
			children = (
				725C885220089269006F5050 /* Controllers */,
			);
			path = Room;
			sourceTree = "<group>";
		};
		725C885220089269006F5050 /* Controllers */ = {
			isa = PBXGroup;
			children = (
				725C885320089269006F5050 /* RoomNormalViewController.swift */,
				725C885420089269006F5050 /* RoomShowViewController.swift */,
			);
			path = Controllers;
			sourceTree = "<group>";
		};
		725C885520089269006F5050 /* Tools */ = {
			isa = PBXGroup;
			children = (
				725C885620089269006F5050 /* Extension */,
			);
			path = Tools;
			sourceTree = "<group>";
		};
		725C885620089269006F5050 /* Extension */ = {
			isa = PBXGroup;
			children = (
				725C885720089269006F5050 /* Common.swift */,
				725C885820089269006F5050 /* HTTPResquestTool.swift */,
				725C885920089269006F5050 /* NSData-Extension.swift */,
				725C885A20089269006F5050 /* UIBarButtonitem.swift */,
				725C885B20089269006F5050 /* UIColor-Extension.swift */,
			);
			path = Extension;
			sourceTree = "<group>";
		};
		9121853F34BB425D1B851D50 /* Frameworks */ = {
			isa = PBXGroup;
			children = (
				3993BAA8199B70F4D0345760 /* Pods_JPLiveDemo.framework */,
			);
			name = Frameworks;
			sourceTree = "<group>";
		};
/* End PBXGroup section */

/* Begin PBXNativeTarget section */
		4ADAB6401DDD79A3008B3CB1 /* JPLiveDemo */ = {
			isa = PBXNativeTarget;
			buildConfigurationList = 4ADAB6531DDD79A3008B3CB1 /* Build configuration list for PBXNativeTarget "JPLiveDemo" */;
			buildPhases = (
				CA120F3C952EC8A46BC46168 /* [CP] Check Pods Manifest.lock */,
				4ADAB63D1DDD79A3008B3CB1 /* Sources */,
				4ADAB63E1DDD79A3008B3CB1 /* Frameworks */,
				4ADAB63F1DDD79A3008B3CB1 /* Resources */,
				4AA0877A9CBAE8D4FA39B0FF /* [CP] Embed Pods Frameworks */,
				3D3873BB6331C5F6649095FD /* [CP] Copy Pods Resources */,
			);
			buildRules = (
			);
			dependencies = (
			);
			name = JPLiveDemo;
			productName = JPLiveDemo;
			productReference = 4ADAB6411DDD79A3008B3CB1 /* JPLiveDemo.app */;
			productType = "com.apple.product-type.application";
		};
/* End PBXNativeTarget section */

/* Begin PBXProject section */
		4ADAB6391DDD79A3008B3CB1 /* Project object */ = {
			isa = PBXProject;
			attributes = {
				LastSwiftUpdateCheck = 0810;
				LastUpgradeCheck = 0810;
				ORGANIZATIONNAME = KC;
				TargetAttributes = {
					4ADAB6401DDD79A3008B3CB1 = {
						CreatedOnToolsVersion = 8.1;
						DevelopmentTeam = 5J32R9MXM2;
						ProvisioningStyle = Automatic;
					};
				};
			};
			buildConfigurationList = 4ADAB63C1DDD79A3008B3CB1 /* Build configuration list for PBXProject "JPLiveDemo" */;
			compatibilityVersion = "Xcode 3.2";
			developmentRegion = English;
			hasScannedForEncodings = 0;
			knownRegions = (
				en,
				Base,
			);
			mainGroup = 4ADAB6381DDD79A3008B3CB1;
			productRefGroup = 4ADAB6421DDD79A3008B3CB1 /* Products */;
			projectDirPath = "";
			projectRoot = "";
			targets = (
				4ADAB6401DDD79A3008B3CB1 /* JPLiveDemo */,
			);
		};
/* End PBXProject section */

/* Begin PBXResourcesBuildPhase section */
		4ADAB63F1DDD79A3008B3CB1 /* Resources */ = {
			isa = PBXResourcesBuildPhase;
			buildActionMask = 2147483647;
			files = (
				4ADAB64F1DDD79A3008B3CB1 /* LaunchScreen.storyboard in Resources */,
				4ADAB64C1DDD79A3008B3CB1 /* Assets.xcassets in Resources */,
				725C888120089269006F5050 /* CollectionNormalCell.xib in Resources */,
				4ADAB64A1DDD79A3008B3CB1 /* Main.storyboard in Resources */,
				725C886A20089269006F5050 /* CollectionCycleCell.xib in Resources */,
				725C886F20089269006F5050 /* RecommendCycleView.xib in Resources */,
				725C887F20089269006F5050 /* CollectionHeaderView.xib in Resources */,
				725C887220089269006F5050 /* CollectionGameCell.xib in Resources */,
				725C888320089269006F5050 /* CollectionPrettyCell.xib in Resources */,
				725C886820089269006F5050 /* AmuseMenView.xib in Resources */,
				725C886C20089269006F5050 /* CollectionGameCell.xib in Resources */,
			);
			runOnlyForDeploymentPostprocessing = 0;
		};
/* End PBXResourcesBuildPhase section */

/* Begin PBXShellScriptBuildPhase section */
		3D3873BB6331C5F6649095FD /* [CP] Copy Pods Resources */ = {
			isa = PBXShellScriptBuildPhase;
			buildActionMask = 2147483647;
			files = (
			);
			inputPaths = (
			);
			name = "[CP] Copy Pods Resources";
			outputPaths = (
			);
			runOnlyForDeploymentPostprocessing = 0;
			shellPath = /bin/sh;
			shellScript = "\"${SRCROOT}/Pods/Target Support Files/Pods-JPLiveDemo/Pods-JPLiveDemo-resources.sh\"\n";
			showEnvVarsInLog = 0;
		};
		4AA0877A9CBAE8D4FA39B0FF /* [CP] Embed Pods Frameworks */ = {
			isa = PBXShellScriptBuildPhase;
			buildActionMask = 2147483647;
			files = (
			);
			inputPaths = (
			);
			name = "[CP] Embed Pods Frameworks";
			outputPaths = (
			);
			runOnlyForDeploymentPostprocessing = 0;
			shellPath = /bin/sh;
			shellScript = "\"${SRCROOT}/Pods/Target Support Files/Pods-JPLiveDemo/Pods-JPLiveDemo-frameworks.sh\"\n";
			showEnvVarsInLog = 0;
		};
		CA120F3C952EC8A46BC46168 /* [CP] Check Pods Manifest.lock */ = {
			isa = PBXShellScriptBuildPhase;
			buildActionMask = 2147483647;
			files = (
			);
			inputPaths = (
			);
			name = "[CP] Check Pods Manifest.lock";
			outputPaths = (
			);
			runOnlyForDeploymentPostprocessing = 0;
			shellPath = /bin/sh;
			shellScript = "diff \"${PODS_ROOT}/../Podfile.lock\" \"${PODS_ROOT}/Manifest.lock\" > /dev/null\nif [ $? != 0 ] ; then\n    # print error to STDERR\n    echo \"error: The sandbox is not in sync with the Podfile.lock. Run 'pod install' or update your CocoaPods installation.\" >&2\n    exit 1\nfi\n";
			showEnvVarsInLog = 0;
		};
/* End PBXShellScriptBuildPhase section */

/* Begin PBXSourcesBuildPhase section */
		4ADAB63D1DDD79A3008B3CB1 /* Sources */ = {
			isa = PBXSourcesBuildPhase;
			buildActionMask = 2147483647;
			files = (
				725C887D20089269006F5050 /* CollectionBaseCell.swift in Sources */,
				725C885F20089269006F5050 /* GameViewController.swift in Sources */,
				725C887320089269006F5050 /* RecommendGameView.swift in Sources */,
				725C886620089269006F5050 /* RecommendViewModel.swift in Sources */,
				725C887620089269006F5050 /* BaseViewController.swift in Sources */,
				725C888420089269006F5050 /* PageContentView.swift in Sources */,
				725C888620089269006F5050 /* ProfileViewController.swift in Sources */,
				725C887B20089269006F5050 /* BaseGameModel.swift in Sources */,
				725C887920089269006F5050 /* AnchorGroupModel.swift in Sources */,
				725C885D20089269006F5050 /* AmuseViewController.swift in Sources */,
				725C886120089269006F5050 /* RecommendViewController.swift in Sources */,
				725C887A20089269006F5050 /* AnchorModel.swift in Sources */,
				725C888020089269006F5050 /* CollectionNormalCell.swift in Sources */,
				725C886520089269006F5050 /* GameViewModel.swift in Sources */,
				725C887020089269006F5050 /* RecommendGameView.swift in Sources */,
				4ADAB6451DDD79A3008B3CB1 /* AppDelegate.swift in Sources */,
				725C885C20089269006F5050 /* FollowViewController.swift in Sources */,
				725C887E20089269006F5050 /* CollectionHeaderView.swift in Sources */,
				725C886220089269006F5050 /* GameModel.swift in Sources */,
				725C888A20089269006F5050 /* HTTPResquestTool.swift in Sources */,
				725C887520089269006F5050 /* BaseAnchorViewController.swift in Sources */,
				725C887720089269006F5050 /* CustomNavigationController.swift in Sources */,
				725C886B20089269006F5050 /* CollectionGameCell.swift in Sources */,
				725C887820089269006F5050 /* MainViewController.swift in Sources */,
				725C888520089269006F5050 /* PageTitleView.swift in Sources */,
				725C888B20089269006F5050 /* NSData-Extension.swift in Sources */,
				725C886920089269006F5050 /* CollectionCycleCell.swift in Sources */,
				725C885E20089269006F5050 /* FunnyViewController.swift in Sources */,
				725C888D20089269006F5050 /* UIColor-Extension.swift in Sources */,
				725C887120089269006F5050 /* CollectionGameCell.swift in Sources */,
				725C886420089269006F5050 /* FunncyViewModel.swift in Sources */,
				725C888920089269006F5050 /* Common.swift in Sources */,
				725C886D20089269006F5050 /* CycleModel.swift in Sources */,
				725C888C20089269006F5050 /* UIBarButtonitem.swift in Sources */,
				725C888720089269006F5050 /* RoomNormalViewController.swift in Sources */,
				725C887C20089269006F5050 /* BaseViewModel.swift in Sources */,
				725C888220089269006F5050 /* CollectionPrettyCell.swift in Sources */,
				725C887420089269006F5050 /* LiveViewController.swift in Sources */,
				725C886320089269006F5050 /* AmuseViewModel.swift in Sources */,
				725C886720089269006F5050 /* AmuseMenView.swift in Sources */,
				725C886E20089269006F5050 /* RecommendCycleView.swift in Sources */,
				725C888820089269006F5050 /* RoomShowViewController.swift in Sources */,
				725C886020089269006F5050 /* HomeViewController.swift in Sources */,
			);
			runOnlyForDeploymentPostprocessing = 0;
		};
/* End PBXSourcesBuildPhase section */

/* Begin PBXVariantGroup section */
		4ADAB6481DDD79A3008B3CB1 /* Main.storyboard */ = {
			isa = PBXVariantGroup;
			children = (
				4ADAB6491DDD79A3008B3CB1 /* Base */,
			);
			name = Main.storyboard;
			sourceTree = "<group>";
		};
		4ADAB64D1DDD79A3008B3CB1 /* LaunchScreen.storyboard */ = {
			isa = PBXVariantGroup;
			children = (
				4ADAB64E1DDD79A3008B3CB1 /* Base */,
			);
			name = LaunchScreen.storyboard;
			sourceTree = "<group>";
		};
/* End PBXVariantGroup section */

/* Begin XCBuildConfiguration section */
		4ADAB6511DDD79A3008B3CB1 /* Debug */ = {
			isa = XCBuildConfiguration;
			buildSettings = {
				ALWAYS_SEARCH_USER_PATHS = NO;
				CLANG_ANALYZER_NONNULL = YES;
				CLANG_CXX_LANGUAGE_STANDARD = "gnu++0x";
				CLANG_CXX_LIBRARY = "libc++";
				CLANG_ENABLE_MODULES = YES;
				CLANG_ENABLE_OBJC_ARC = YES;
				CLANG_WARN_BOOL_CONVERSION = YES;
				CLANG_WARN_CONSTANT_CONVERSION = YES;
				CLANG_WARN_DIRECT_OBJC_ISA_USAGE = YES_ERROR;
				CLANG_WARN_DOCUMENTATION_COMMENTS = YES;
				CLANG_WARN_EMPTY_BODY = YES;
				CLANG_WARN_ENUM_CONVERSION = YES;
				CLANG_WARN_INFINITE_RECURSION = YES;
				CLANG_WARN_INT_CONVERSION = YES;
				CLANG_WARN_OBJC_ROOT_CLASS = YES_ERROR;
				CLANG_WARN_SUSPICIOUS_MOVES = YES;
				CLANG_WARN_UNREACHABLE_CODE = YES;
				CLANG_WARN__DUPLICATE_METHOD_MATCH = YES;
				"CODE_SIGN_IDENTITY[sdk=iphoneos*]" = "iPhone Developer";
				COPY_PHASE_STRIP = NO;
				DEBUG_INFORMATION_FORMAT = dwarf;
				ENABLE_STRICT_OBJC_MSGSEND = YES;
				ENABLE_TESTABILITY = YES;
				GCC_C_LANGUAGE_STANDARD = gnu99;
				GCC_DYNAMIC_NO_PIC = NO;
				GCC_NO_COMMON_BLOCKS = YES;
				GCC_OPTIMIZATION_LEVEL = 0;
				GCC_PREPROCESSOR_DEFINITIONS = (
					"DEBUG=1",
					"$(inherited)",
				);
				GCC_WARN_64_TO_32_BIT_CONVERSION = YES;
				GCC_WARN_ABOUT_RETURN_TYPE = YES_ERROR;
				GCC_WARN_UNDECLARED_SELECTOR = YES;
				GCC_WARN_UNINITIALIZED_AUTOS = YES_AGGRESSIVE;
				GCC_WARN_UNUSED_FUNCTION = YES;
				GCC_WARN_UNUSED_VARIABLE = YES;
				IPHONEOS_DEPLOYMENT_TARGET = 10.1;
				MTL_ENABLE_DEBUG_INFO = YES;
				ONLY_ACTIVE_ARCH = YES;
				SDKROOT = iphoneos;
				SWIFT_ACTIVE_COMPILATION_CONDITIONS = DEBUG;
				SWIFT_OPTIMIZATION_LEVEL = "-Onone";
			};
			name = Debug;
		};
		4ADAB6521DDD79A3008B3CB1 /* Release */ = {
			isa = XCBuildConfiguration;
			buildSettings = {
				ALWAYS_SEARCH_USER_PATHS = NO;
				CLANG_ANALYZER_NONNULL = YES;
				CLANG_CXX_LANGUAGE_STANDARD = "gnu++0x";
				CLANG_CXX_LIBRARY = "libc++";
				CLANG_ENABLE_MODULES = YES;
				CLANG_ENABLE_OBJC_ARC = YES;
				CLANG_WARN_BOOL_CONVERSION = YES;
				CLANG_WARN_CONSTANT_CONVERSION = YES;
				CLANG_WARN_DIRECT_OBJC_ISA_USAGE = YES_ERROR;
				CLANG_WARN_DOCUMENTATION_COMMENTS = YES;
				CLANG_WARN_EMPTY_BODY = YES;
				CLANG_WARN_ENUM_CONVERSION = YES;
				CLANG_WARN_INFINITE_RECURSION = YES;
				CLANG_WARN_INT_CONVERSION = YES;
				CLANG_WARN_OBJC_ROOT_CLASS = YES_ERROR;
				CLANG_WARN_SUSPICIOUS_MOVES = YES;
				CLANG_WARN_UNREACHABLE_CODE = YES;
				CLANG_WARN__DUPLICATE_METHOD_MATCH = YES;
				"CODE_SIGN_IDENTITY[sdk=iphoneos*]" = "iPhone Developer";
				COPY_PHASE_STRIP = NO;
				DEBUG_INFORMATION_FORMAT = "dwarf-with-dsym";
				ENABLE_NS_ASSERTIONS = NO;
				ENABLE_STRICT_OBJC_MSGSEND = YES;
				GCC_C_LANGUAGE_STANDARD = gnu99;
				GCC_NO_COMMON_BLOCKS = YES;
				GCC_WARN_64_TO_32_BIT_CONVERSION = YES;
				GCC_WARN_ABOUT_RETURN_TYPE = YES_ERROR;
				GCC_WARN_UNDECLARED_SELECTOR = YES;
				GCC_WARN_UNINITIALIZED_AUTOS = YES_AGGRESSIVE;
				GCC_WARN_UNUSED_FUNCTION = YES;
				GCC_WARN_UNUSED_VARIABLE = YES;
				IPHONEOS_DEPLOYMENT_TARGET = 10.1;
				MTL_ENABLE_DEBUG_INFO = NO;
				SDKROOT = iphoneos;
				SWIFT_OPTIMIZATION_LEVEL = "-Owholemodule";
				VALIDATE_PRODUCT = YES;
			};
			name = Release;
		};
		4ADAB6541DDD79A3008B3CB1 /* Debug */ = {
			isa = XCBuildConfiguration;
			baseConfigurationReference = C1776C705D9A82F7808ED605 /* Pods-JPLiveDemo.debug.xcconfig */;
			buildSettings = {
				ASSETCATALOG_COMPILER_APPICON_NAME = AppIcon;
				ASSETCATALOG_COMPILER_LAUNCHIMAGE_NAME = "Brand Assets";
				DEVELOPMENT_TEAM = 5J32R9MXM2;
				INFOPLIST_FILE = JPLiveDemo/Info.plist;
				IPHONEOS_DEPLOYMENT_TARGET = 9.0;
				LD_RUNPATH_SEARCH_PATHS = "$(inherited) @executable_path/Frameworks";
				PRODUCT_BUNDLE_IDENTIFIER = "com.kuang-chi.JPLiveDemo";
				PRODUCT_NAME = "$(TARGET_NAME)";
				SWIFT_VERSION = 3.0;
			};
			name = Debug;
		};
		4ADAB6551DDD79A3008B3CB1 /* Release */ = {
			isa = XCBuildConfiguration;
			baseConfigurationReference = 173058156F66E4A381F35FF1 /* Pods-JPLiveDemo.release.xcconfig */;
			buildSettings = {
				ASSETCATALOG_COMPILER_APPICON_NAME = AppIcon;
				ASSETCATALOG_COMPILER_LAUNCHIMAGE_NAME = "Brand Assets";
				DEVELOPMENT_TEAM = 5J32R9MXM2;
				INFOPLIST_FILE = JPLiveDemo/Info.plist;
				IPHONEOS_DEPLOYMENT_TARGET = 9.0;
				LD_RUNPATH_SEARCH_PATHS = "$(inherited) @executable_path/Frameworks";
				PRODUCT_BUNDLE_IDENTIFIER = "com.kuang-chi.JPLiveDemo";
				PRODUCT_NAME = "$(TARGET_NAME)";
				SWIFT_VERSION = 3.0;
			};
			name = Release;
		};
/* End XCBuildConfiguration section */

/* Begin XCConfigurationList section */
		4ADAB63C1DDD79A3008B3CB1 /* Build configuration list for PBXProject "JPLiveDemo" */ = {
			isa = XCConfigurationList;
			buildConfigurations = (
				4ADAB6511DDD79A3008B3CB1 /* Debug */,
				4ADAB6521DDD79A3008B3CB1 /* Release */,
			);
			defaultConfigurationIsVisible = 0;
			defaultConfigurationName = Release;
		};
		4ADAB6531DDD79A3008B3CB1 /* Build configuration list for PBXNativeTarget "JPLiveDemo" */ = {
			isa = XCConfigurationList;
			buildConfigurations = (
				4ADAB6541DDD79A3008B3CB1 /* Debug */,
				4ADAB6551DDD79A3008B3CB1 /* Release */,
			);
			defaultConfigurationIsVisible = 0;
			defaultConfigurationName = Release;
		};
/* End XCConfigurationList section */
	};
	rootObject = 4ADAB6391DDD79A3008B3CB1 /* Project object */;
}
